
Microsoft Visual Studio Solution File, Format Version 12.00
# Visual Studio 15
VisualStudioVersion = 15.0.27130.2010
MinimumVisualStudioVersion = 10.0.40219.1
Project("{FAE04EC0-301F-11D3-BF4B-00C04F79EFBC}") = "TheFactory", "TheFactory\TheFactory.csproj", "{CBE6633E-AA48-4531-BE98-A3B907FBAAC0}"
EndProject
Global
	GlobalSection(SolutionConfigurationPlatforms) = preSolution
		Debug|Any CPU = Debug|Any CPU
		Release|Any CPU = Release|Any CPU
	EndGlobalSection
	GlobalSection(ProjectConfigurationPlatforms) = postSolution
		{CBE6633E-AA48-4531-BE98-A3B907FBAAC0}.Debug|Any CPU.ActiveCfg = Debug|Any CPU
		{CBE6633E-AA48-4531-BE98-A3B907FBAAC0}.Debug|Any CPU.Build.0 = Debug|Any CPU
		{CBE6633E-AA48-4531-BE98-A3B907FBAAC0}.Release|Any CPU.ActiveCfg = Release|Any CPU
		{CBE6633E-AA48-4531-BE98-A3B907FBAAC0}.Release|Any CPU.Build.0 = Release|Any CPU
	EndGlobalSection
	GlobalSection(SolutionProperties) = preSolution
		HideSolutionNode = FALSE
	EndGlobalSection
	GlobalSection(ExtensibilityGlobals) = postSolution
		SolutionGuid = {B0D4791B-E84F-4C83-84FD-6972055BADD4}
	EndGlobalSection
EndGlobal
