
Microsoft Visual Studio Solution File, Format Version 12.00
# Visual Studio 15
VisualStudioVersion = 15.0.27130.2010
MinimumVisualStudioVersion = 10.0.40219.1
Project("{FAE04EC0-301F-11D3-BF4B-00C04F79EFBC}") = "ResumeBuilder", "ResumeBuilder\ResumeBuilder.csproj", "{CE82E7AC-F161-49D7-ACD4-0D11E1EBB130}"
EndProject
Global
	GlobalSection(SolutionConfigurationPlatforms) = preSolution
		Debug|Any CPU = Debug|Any CPU
		Release|Any CPU = Release|Any CPU
	EndGlobalSection
	GlobalSection(ProjectConfigurationPlatforms) = postSolution
		{CE82E7AC-F161-49D7-ACD4-0D11E1EBB130}.Debug|Any CPU.ActiveCfg = Debug|Any CPU
		{CE82E7AC-F161-49D7-ACD4-0D11E1EBB130}.Debug|Any CPU.Build.0 = Debug|Any CPU
		{CE82E7AC-F161-49D7-ACD4-0D11E1EBB130}.Release|Any CPU.ActiveCfg = Release|Any CPU
		{CE82E7AC-F161-49D7-ACD4-0D11E1EBB130}.Release|Any CPU.Build.0 = Release|Any CPU
	EndGlobalSection
	GlobalSection(SolutionProperties) = preSolution
		HideSolutionNode = FALSE
	EndGlobalSection
	GlobalSection(ExtensibilityGlobals) = postSolution
		SolutionGuid = {CB4179AB-9251-40D6-AF4B-E6FDF2B1B830}
	EndGlobalSection
EndGlobal
