
Microsoft Visual Studio Solution File, Format Version 12.00
# Visual Studio 15
VisualStudioVersion = 15.0.27130.2010
MinimumVisualStudioVersion = 10.0.40219.1
Project("{FAE04EC0-301F-11D3-BF4B-00C04F79EFBC}") = "ResumeCreator", "ResumeCreator\ResumeCreator.csproj", "{04A77AAB-6589-4913-A7DF-536CEF90A048}"
EndProject
Global
	GlobalSection(SolutionConfigurationPlatforms) = preSolution
		Debug|Any CPU = Debug|Any CPU
		Release|Any CPU = Release|Any CPU
	EndGlobalSection
	GlobalSection(ProjectConfigurationPlatforms) = postSolution
		{04A77AAB-6589-4913-A7DF-536CEF90A048}.Debug|Any CPU.ActiveCfg = Debug|Any CPU
		{04A77AAB-6589-4913-A7DF-536CEF90A048}.Debug|Any CPU.Build.0 = Debug|Any CPU
		{04A77AAB-6589-4913-A7DF-536CEF90A048}.Release|Any CPU.ActiveCfg = Release|Any CPU
		{04A77AAB-6589-4913-A7DF-536CEF90A048}.Release|Any CPU.Build.0 = Release|Any CPU
	EndGlobalSection
	GlobalSection(SolutionProperties) = preSolution
		HideSolutionNode = FALSE
	EndGlobalSection
	GlobalSection(ExtensibilityGlobals) = postSolution
		SolutionGuid = {C6928BA2-D95D-4DF1-B825-4CAD58F36B47}
	EndGlobalSection
EndGlobal
